
Microsoft Visual Studio Solution File, Format Version 12.00
# Visual Studio Version 16
VisualStudioVersion = 25.0.1706.7
MinimumVisualStudioVersion = 10.0.40219.1
Project("{FAE04EC0-301F-11D3-BF4B-00C04F79EFBC}") = "AdventOfCode", "AdventOfCode\AdventOfCode.csproj", "{89F9C475-742A-470A-A183-F521A55C2ACE}"
EndProject
Global
	GlobalSection(SolutionConfigurationPlatforms) = preSolution
		Debug|Any CPU = Debug|Any CPU
		Release|Any CPU = Release|Any CPU
	EndGlobalSection
	GlobalSection(ProjectConfigurationPlatforms) = postSolution
		{89F9C475-742A-470A-A183-F521A55C2ACE}.Debug|Any CPU.ActiveCfg = Debug|Any CPU
		{89F9C475-742A-470A-A183-F521A55C2ACE}.Debug|Any CPU.Build.0 = Debug|Any CPU
		{89F9C475-742A-470A-A183-F521A55C2ACE}.Release|Any CPU.ActiveCfg = Release|Any CPU
		{89F9C475-742A-470A-A183-F521A55C2ACE}.Release|Any CPU.Build.0 = Release|Any CPU
	EndGlobalSection
	GlobalSection(SolutionProperties) = preSolution
		HideSolutionNode = FALSE
	EndGlobalSection
	GlobalSection(ExtensibilityGlobals) = postSolution
		SolutionGuid = {7D954FDF-8749-4F8B-A6FE-897004BDFEAD}
	EndGlobalSection
EndGlobal
